
Microsoft Visual Studio Solution File, Format Version 12.00
# Visual Studio Version 17
VisualStudioVersion = 17.9.34728.123
MinimumVisualStudioVersion = 10.0.40219.1
Project("{9A19103F-16F7-4668-BE54-9A1E7A4F7556}") = "DentalClinicApp", "DentalClinicApp.csproj", "{D5BBA6FB-A2B7-4A87-A7A9-470A21812EAE}"
EndProject
Global
	GlobalSection(SolutionConfigurationPlatforms) = preSolution
		Debug|Any CPU = Debug|Any CPU
		Release|Any CPU = Release|Any CPU
	EndGlobalSection
	GlobalSection(ProjectConfigurationPlatforms) = postSolution
		{D5BBA6FB-A2B7-4A87-A7A9-470A21812EAE}.Debug|Any CPU.ActiveCfg = Debug|Any CPU
		{D5BBA6FB-A2B7-4A87-A7A9-470A21812EAE}.Debug|Any CPU.Build.0 = Debug|Any CPU
		{D5BBA6FB-A2B7-4A87-A7A9-470A21812EAE}.Release|Any CPU.ActiveCfg = Release|Any CPU
		{D5BBA6FB-A2B7-4A87-A7A9-470A21812EAE}.Release|Any CPU.Build.0 = Release|Any CPU
	EndGlobalSection
	GlobalSection(SolutionProperties) = preSolution
		HideSolutionNode = FALSE
	EndGlobalSection
	GlobalSection(ExtensibilityGlobals) = postSolution
		SolutionGuid = {78F7FBD8-64F2-4312-8842-2ADF4074D1AB}
	EndGlobalSection
EndGlobal
